// !$*UTF8*$!
{
	archiveVersion = 1;
	classes = {
	};
	objectVersion = 56;
	objects = {

/* Begin PBXBuildFile section */
		5A22DDA92A0BCB1A00A18D56 /* FavoriteButton.swift in Sources */ = {isa = PBXBuildFile; fileRef = 5A22DDA82A0BCB1A00A18D56 /* FavoriteButton.swift */; };
		5A22DDAC2A0F7B4800A18D56 /* HexagonParameters.swift in Sources */ = {isa = PBXBuildFile; fileRef = 5A22DDAB2A0F7B4800A18D56 /* HexagonParameters.swift */; };
		5A22DDAE2A0F7DF600A18D56 /* BadgeBackground.swift in Sources */ = {isa = PBXBuildFile; fileRef = 5A22DDAD2A0F7DF600A18D56 /* BadgeBackground.swift */; };
		5A22DDB02A0F879D00A18D56 /* BadgeSymbol.swift in Sources */ = {isa = PBXBuildFile; fileRef = 5A22DDAF2A0F879D00A18D56 /* BadgeSymbol.swift */; };
		5A22DDB22A0F880A00A18D56 /* RotatedBadgeSymbol.swift in Sources */ = {isa = PBXBuildFile; fileRef = 5A22DDB12A0F880A00A18D56 /* RotatedBadgeSymbol.swift */; };
		5A22DDB52A0F890C00A18D56 /* Badge.swift in Sources */ = {isa = PBXBuildFile; fileRef = 5A22DDB42A0F890C00A18D56 /* Badge.swift */; };
		5A22DDBB2A0F8C3A00A18D56 /* GraphCapsule.swift in Sources */ = {isa = PBXBuildFile; fileRef = 5A22DDB72A0F8C3A00A18D56 /* GraphCapsule.swift */; };
		5A22DDBC2A0F8C3A00A18D56 /* HikeGraph.swift in Sources */ = {isa = PBXBuildFile; fileRef = 5A22DDB82A0F8C3A00A18D56 /* HikeGraph.swift */; };
		5A22DDBD2A0F8C3A00A18D56 /* HikeDetail.swift in Sources */ = {isa = PBXBuildFile; fileRef = 5A22DDB92A0F8C3A00A18D56 /* HikeDetail.swift */; };
		5A22DDBE2A0F8C3A00A18D56 /* HikeView.swift in Sources */ = {isa = PBXBuildFile; fileRef = 5A22DDBA2A0F8C3A00A18D56 /* HikeView.swift */; };
		5A22DDC02A0F8C8400A18D56 /* Hike.swift in Sources */ = {isa = PBXBuildFile; fileRef = 5A22DDBF2A0F8C8400A18D56 /* Hike.swift */; };
		5A22DDC22A0F8CDB00A18D56 /* hikeData.json in Resources */ = {isa = PBXBuildFile; fileRef = 5A22DDC12A0F8CDB00A18D56 /* hikeData.json */; };
		5A22DDC52A0FABEA00A18D56 /* CategoryHome.swift in Sources */ = {isa = PBXBuildFile; fileRef = 5A22DDC42A0FABEA00A18D56 /* CategoryHome.swift */; };
		5A22DDC72A0FB2C100A18D56 /* CategoryItem.swift in Sources */ = {isa = PBXBuildFile; fileRef = 5A22DDC62A0FB2C000A18D56 /* CategoryItem.swift */; };
		5A22DDC92A0FB3A700A18D56 /* CategoryRow.swift in Sources */ = {isa = PBXBuildFile; fileRef = 5A22DDC82A0FB3A700A18D56 /* CategoryRow.swift */; };
		5A22DDCB2A0FBA4B00A18D56 /* FeaturedRow.swift in Sources */ = {isa = PBXBuildFile; fileRef = 5A22DDCA2A0FBA4B00A18D56 /* FeaturedRow.swift */; };
		5A7911EC2A07BC1C008AFBA4 /* landmarkApp.swift in Sources */ = {isa = PBXBuildFile; fileRef = 5A7911EB2A07BC1C008AFBA4 /* landmarkApp.swift */; };
		5A7911EE2A07BC1C008AFBA4 /* ContentView.swift in Sources */ = {isa = PBXBuildFile; fileRef = 5A7911ED2A07BC1C008AFBA4 /* ContentView.swift */; };
		5A7911F02A07BC21008AFBA4 /* Assets.xcassets in Resources */ = {isa = PBXBuildFile; fileRef = 5A7911EF2A07BC21008AFBA4 /* Assets.xcassets */; };
		5A7911F32A07BC21008AFBA4 /* Preview Assets.xcassets in Resources */ = {isa = PBXBuildFile; fileRef = 5A7911F22A07BC21008AFBA4 /* Preview Assets.xcassets */; };
		5A7911FD2A07BC22008AFBA4 /* landmarkTests.swift in Sources */ = {isa = PBXBuildFile; fileRef = 5A7911FC2A07BC22008AFBA4 /* landmarkTests.swift */; };
		5A7912072A07BC22008AFBA4 /* landmarkUITests.swift in Sources */ = {isa = PBXBuildFile; fileRef = 5A7912062A07BC22008AFBA4 /* landmarkUITests.swift */; };
		5A7912092A07BC22008AFBA4 /* landmarkUITestsLaunchTests.swift in Sources */ = {isa = PBXBuildFile; fileRef = 5A7912082A07BC22008AFBA4 /* landmarkUITestsLaunchTests.swift */; };
		5A7912172A07BC9F008AFBA4 /* LandMarkData.swift in Sources */ = {isa = PBXBuildFile; fileRef = 5A7912162A07BC9F008AFBA4 /* LandMarkData.swift */; };
		5A7912192A07BD66008AFBA4 /* landmarkData.json in Resources */ = {isa = PBXBuildFile; fileRef = 5A7912182A07BD66008AFBA4 /* landmarkData.json */; };
		5A79121C2A07C0B7008AFBA4 /* LandmarksModel.swift in Sources */ = {isa = PBXBuildFile; fileRef = 5A79121B2A07C0B7008AFBA4 /* LandmarksModel.swift */; };
		5A7912202A07C3FE008AFBA4 /* LandmarkView.swift in Sources */ = {isa = PBXBuildFile; fileRef = 5A79121F2A07C3FE008AFBA4 /* LandmarkView.swift */; };
		5A7912222A07C542008AFBA4 /* MapView.swift in Sources */ = {isa = PBXBuildFile; fileRef = 5A7912212A07C542008AFBA4 /* MapView.swift */; };
		5A7912242A07CB1C008AFBA4 /* LandmarkRow.swift in Sources */ = {isa = PBXBuildFile; fileRef = 5A7912232A07CB1C008AFBA4 /* LandmarkRow.swift */; };
		5A7912262A07D259008AFBA4 /* LandmarksList.swift in Sources */ = {isa = PBXBuildFile; fileRef = 5A7912252A07D259008AFBA4 /* LandmarksList.swift */; };
		5A7912282A07D5C0008AFBA4 /* LandmarksDetails.swift in Sources */ = {isa = PBXBuildFile; fileRef = 5A7912272A07D5C0008AFBA4 /* LandmarksDetails.swift */; };
		5A79122A2A07DD32008AFBA4 /* DevicesResponse.swift in Sources */ = {isa = PBXBuildFile; fileRef = 5A7912292A07DD32008AFBA4 /* DevicesResponse.swift */; };
/* End PBXBuildFile section */

/* Begin PBXContainerItemProxy section */
		5A7911F92A07BC22008AFBA4 /* PBXContainerItemProxy */ = {
			isa = PBXContainerItemProxy;
			containerPortal = 5A7911E02A07BC1C008AFBA4 /* Project object */;
			proxyType = 1;
			remoteGlobalIDString = 5A7911E72A07BC1C008AFBA4;
			remoteInfo = landmark;
		};
		5A7912032A07BC22008AFBA4 /* PBXContainerItemProxy */ = {
			isa = PBXContainerItemProxy;
			containerPortal = 5A7911E02A07BC1C008AFBA4 /* Project object */;
			proxyType = 1;
			remoteGlobalIDString = 5A7911E72A07BC1C008AFBA4;
			remoteInfo = landmark;
		};
/* End PBXContainerItemProxy section */

/* Begin PBXFileReference section */
		5A22DDA82A0BCB1A00A18D56 /* FavoriteButton.swift */ = {isa = PBXFileReference; lastKnownFileType = sourcecode.swift; path = FavoriteButton.swift; sourceTree = "<group>"; };
		5A22DDAB2A0F7B4800A18D56 /* HexagonParameters.swift */ = {isa = PBXFileReference; lastKnownFileType = sourcecode.swift; path = HexagonParameters.swift; sourceTree = "<group>"; };
		5A22DDAD2A0F7DF600A18D56 /* BadgeBackground.swift */ = {isa = PBXFileReference; lastKnownFileType = sourcecode.swift; path = BadgeBackground.swift; sourceTree = "<group>"; };
		5A22DDAF2A0F879D00A18D56 /* BadgeSymbol.swift */ = {isa = PBXFileReference; lastKnownFileType = sourcecode.swift; path = BadgeSymbol.swift; sourceTree = "<group>"; };
		5A22DDB12A0F880A00A18D56 /* RotatedBadgeSymbol.swift */ = {isa = PBXFileReference; lastKnownFileType = sourcecode.swift; path = RotatedBadgeSymbol.swift; sourceTree = "<group>"; };
		5A22DDB42A0F890C00A18D56 /* Badge.swift */ = {isa = PBXFileReference; lastKnownFileType = sourcecode.swift; path = Badge.swift; sourceTree = "<group>"; };
		5A22DDB72A0F8C3A00A18D56 /* GraphCapsule.swift */ = {isa = PBXFileReference; fileEncoding = 4; lastKnownFileType = sourcecode.swift; path = GraphCapsule.swift; sourceTree = "<group>"; };
		5A22DDB82A0F8C3A00A18D56 /* HikeGraph.swift */ = {isa = PBXFileReference; fileEncoding = 4; lastKnownFileType = sourcecode.swift; path = HikeGraph.swift; sourceTree = "<group>"; };
		5A22DDB92A0F8C3A00A18D56 /* HikeDetail.swift */ = {isa = PBXFileReference; fileEncoding = 4; lastKnownFileType = sourcecode.swift; path = HikeDetail.swift; sourceTree = "<group>"; };
		5A22DDBA2A0F8C3A00A18D56 /* HikeView.swift */ = {isa = PBXFileReference; fileEncoding = 4; lastKnownFileType = sourcecode.swift; path = HikeView.swift; sourceTree = "<group>"; };
		5A22DDBF2A0F8C8400A18D56 /* Hike.swift */ = {isa = PBXFileReference; lastKnownFileType = sourcecode.swift; path = Hike.swift; sourceTree = "<group>"; };
		5A22DDC12A0F8CDB00A18D56 /* hikeData.json */ = {isa = PBXFileReference; fileEncoding = 4; lastKnownFileType = text.json; path = hikeData.json; sourceTree = "<group>"; };
		5A22DDC42A0FABEA00A18D56 /* CategoryHome.swift */ = {isa = PBXFileReference; lastKnownFileType = sourcecode.swift; path = CategoryHome.swift; sourceTree = "<group>"; };
		5A22DDC62A0FB2C000A18D56 /* CategoryItem.swift */ = {isa = PBXFileReference; lastKnownFileType = sourcecode.swift; path = CategoryItem.swift; sourceTree = "<group>"; };
		5A22DDC82A0FB3A700A18D56 /* CategoryRow.swift */ = {isa = PBXFileReference; lastKnownFileType = sourcecode.swift; path = CategoryRow.swift; sourceTree = "<group>"; };
		5A22DDCA2A0FBA4B00A18D56 /* FeaturedRow.swift */ = {isa = PBXFileReference; lastKnownFileType = sourcecode.swift; path = FeaturedRow.swift; sourceTree = "<group>"; };
		5A7911E82A07BC1C008AFBA4 /* landmark.app */ = {isa = PBXFileReference; explicitFileType = wrapper.application; includeInIndex = 0; path = landmark.app; sourceTree = BUILT_PRODUCTS_DIR; };
		5A7911EB2A07BC1C008AFBA4 /* landmarkApp.swift */ = {isa = PBXFileReference; lastKnownFileType = sourcecode.swift; path = landmarkApp.swift; sourceTree = "<group>"; };
		5A7911ED2A07BC1C008AFBA4 /* ContentView.swift */ = {isa = PBXFileReference; lastKnownFileType = sourcecode.swift; path = ContentView.swift; sourceTree = "<group>"; };
		5A7911EF2A07BC21008AFBA4 /* Assets.xcassets */ = {isa = PBXFileReference; lastKnownFileType = folder.assetcatalog; path = Assets.xcassets; sourceTree = "<group>"; };
		5A7911F22A07BC21008AFBA4 /* Preview Assets.xcassets */ = {isa = PBXFileReference; lastKnownFileType = folder.assetcatalog; path = "Preview Assets.xcassets"; sourceTree = "<group>"; };
		5A7911F82A07BC22008AFBA4 /* landmarkTests.xctest */ = {isa = PBXFileReference; explicitFileType = wrapper.cfbundle; includeInIndex = 0; path = landmarkTests.xctest; sourceTree = BUILT_PRODUCTS_DIR; };
		5A7911FC2A07BC22008AFBA4 /* landmarkTests.swift */ = {isa = PBXFileReference; lastKnownFileType = sourcecode.swift; path = landmarkTests.swift; sourceTree = "<group>"; };
		5A7912022A07BC22008AFBA4 /* landmarkUITests.xctest */ = {isa = PBXFileReference; explicitFileType = wrapper.cfbundle; includeInIndex = 0; path = landmarkUITests.xctest; sourceTree = BUILT_PRODUCTS_DIR; };
		5A7912062A07BC22008AFBA4 /* landmarkUITests.swift */ = {isa = PBXFileReference; lastKnownFileType = sourcecode.swift; path = landmarkUITests.swift; sourceTree = "<group>"; };
		5A7912082A07BC22008AFBA4 /* landmarkUITestsLaunchTests.swift */ = {isa = PBXFileReference; lastKnownFileType = sourcecode.swift; path = landmarkUITestsLaunchTests.swift; sourceTree = "<group>"; };
		5A7912162A07BC9F008AFBA4 /* LandMarkData.swift */ = {isa = PBXFileReference; lastKnownFileType = sourcecode.swift; path = LandMarkData.swift; sourceTree = "<group>"; };
		5A7912182A07BD66008AFBA4 /* landmarkData.json */ = {isa = PBXFileReference; fileEncoding = 4; lastKnownFileType = text.json; path = landmarkData.json; sourceTree = "<group>"; };
		5A79121B2A07C0B7008AFBA4 /* LandmarksModel.swift */ = {isa = PBXFileReference; lastKnownFileType = sourcecode.swift; path = LandmarksModel.swift; sourceTree = "<group>"; };
		5A79121F2A07C3FE008AFBA4 /* LandmarkView.swift */ = {isa = PBXFileReference; lastKnownFileType = sourcecode.swift; path = LandmarkView.swift; sourceTree = "<group>"; };
		5A7912212A07C542008AFBA4 /* MapView.swift */ = {isa = PBXFileReference; lastKnownFileType = sourcecode.swift; path = MapView.swift; sourceTree = "<group>"; };
		5A7912232A07CB1C008AFBA4 /* LandmarkRow.swift */ = {isa = PBXFileReference; lastKnownFileType = sourcecode.swift; path = LandmarkRow.swift; sourceTree = "<group>"; };
		5A7912252A07D259008AFBA4 /* LandmarksList.swift */ = {isa = PBXFileReference; lastKnownFileType = sourcecode.swift; path = LandmarksList.swift; sourceTree = "<group>"; };
		5A7912272A07D5C0008AFBA4 /* LandmarksDetails.swift */ = {isa = PBXFileReference; lastKnownFileType = sourcecode.swift; path = LandmarksDetails.swift; sourceTree = "<group>"; };
		5A7912292A07DD32008AFBA4 /* DevicesResponse.swift */ = {isa = PBXFileReference; lastKnownFileType = sourcecode.swift; path = DevicesResponse.swift; sourceTree = "<group>"; };
/* End PBXFileReference section */

/* Begin PBXFrameworksBuildPhase section */
		5A7911E52A07BC1C008AFBA4 /* Frameworks */ = {
			isa = PBXFrameworksBuildPhase;
			buildActionMask = 2147483647;
			files = (
			);
			runOnlyForDeploymentPostprocessing = 0;
		};
		5A7911F52A07BC22008AFBA4 /* Frameworks */ = {
			isa = PBXFrameworksBuildPhase;
			buildActionMask = 2147483647;
			files = (
			);
			runOnlyForDeploymentPostprocessing = 0;
		};
		5A7911FF2A07BC22008AFBA4 /* Frameworks */ = {
			isa = PBXFrameworksBuildPhase;
			buildActionMask = 2147483647;
			files = (
			);
			runOnlyForDeploymentPostprocessing = 0;
		};
/* End PBXFrameworksBuildPhase section */

/* Begin PBXGroup section */
		5A22DDA62A0BCADD00A18D56 /* landmark */ = {
			isa = PBXGroup;
			children = (
				5A79121F2A07C3FE008AFBA4 /* LandmarkView.swift */,
				5A7912232A07CB1C008AFBA4 /* LandmarkRow.swift */,
				5A7912252A07D259008AFBA4 /* LandmarksList.swift */,
				5A7912272A07D5C0008AFBA4 /* LandmarksDetails.swift */,
			);
			path = landmark;
			sourceTree = "<group>";
		};
		5A22DDA72A0BCAEC00A18D56 /* helper */ = {
			isa = PBXGroup;
			children = (
				5A22DDB32A0F881300A18D56 /* badge */,
				5A22DDB62A0F8C3A00A18D56 /* Hikes */,
				5A7912212A07C542008AFBA4 /* MapView.swift */,
				5A22DDA82A0BCB1A00A18D56 /* FavoriteButton.swift */,
			);
			path = helper;
			sourceTree = "<group>";
		};
		5A22DDB32A0F881300A18D56 /* badge */ = {
			isa = PBXGroup;
			children = (
				5A22DDAD2A0F7DF600A18D56 /* BadgeBackground.swift */,
				5A22DDAF2A0F879D00A18D56 /* BadgeSymbol.swift */,
				5A22DDB12A0F880A00A18D56 /* RotatedBadgeSymbol.swift */,
				5A22DDB42A0F890C00A18D56 /* Badge.swift */,
			);
			path = badge;
			sourceTree = "<group>";
		};
		5A22DDB62A0F8C3A00A18D56 /* Hikes */ = {
			isa = PBXGroup;
			children = (
				5A22DDB72A0F8C3A00A18D56 /* GraphCapsule.swift */,
				5A22DDB82A0F8C3A00A18D56 /* HikeGraph.swift */,
				5A22DDB92A0F8C3A00A18D56 /* HikeDetail.swift */,
				5A22DDBA2A0F8C3A00A18D56 /* HikeView.swift */,
			);
			path = Hikes;
			sourceTree = "<group>";
		};
		5A22DDC32A0FABC500A18D56 /* categories */ = {
			isa = PBXGroup;
			children = (
				5A22DDC42A0FABEA00A18D56 /* CategoryHome.swift */,
				5A22DDC62A0FB2C000A18D56 /* CategoryItem.swift */,
				5A22DDC82A0FB3A700A18D56 /* CategoryRow.swift */,
				5A22DDCA2A0FBA4B00A18D56 /* FeaturedRow.swift */,
			);
			path = categories;
			sourceTree = "<group>";
		};
		5A7911DF2A07BC1C008AFBA4 = {
			isa = PBXGroup;
			children = (
				5A7911EA2A07BC1C008AFBA4 /* landmark */,
				5A7911FB2A07BC22008AFBA4 /* landmarkTests */,
				5A7912052A07BC22008AFBA4 /* landmarkUITests */,
				5A7911E92A07BC1C008AFBA4 /* Products */,
			);
			sourceTree = "<group>";
		};
		5A7911E92A07BC1C008AFBA4 /* Products */ = {
			isa = PBXGroup;
			children = (
				5A7911E82A07BC1C008AFBA4 /* landmark.app */,
				5A7911F82A07BC22008AFBA4 /* landmarkTests.xctest */,
				5A7912022A07BC22008AFBA4 /* landmarkUITests.xctest */,
			);
			name = Products;
			sourceTree = "<group>";
		};
		5A7911EA2A07BC1C008AFBA4 /* landmark */ = {
			isa = PBXGroup;
			children = (
				5A79121E2A07C353008AFBA4 /* views */,
				5A79121D2A07C341008AFBA4 /* app */,
				5A79121A2A07C098008AFBA4 /* models */,
				5A7912152A07BC88008AFBA4 /* data */,
				5A7911EF2A07BC21008AFBA4 /* Assets.xcassets */,
				5A7911F12A07BC21008AFBA4 /* Preview Content */,
			);
			path = landmark;
			sourceTree = "<group>";
		};
		5A7911F12A07BC21008AFBA4 /* Preview Content */ = {
			isa = PBXGroup;
			children = (
				5A7911F22A07BC21008AFBA4 /* Preview Assets.xcassets */,
			);
			path = "Preview Content";
			sourceTree = "<group>";
		};
		5A7911FB2A07BC22008AFBA4 /* landmarkTests */ = {
			isa = PBXGroup;
			children = (
				5A7911FC2A07BC22008AFBA4 /* landmarkTests.swift */,
			);
			path = landmarkTests;
			sourceTree = "<group>";
		};
		5A7912052A07BC22008AFBA4 /* landmarkUITests */ = {
			isa = PBXGroup;
			children = (
				5A7912062A07BC22008AFBA4 /* landmarkUITests.swift */,
				5A7912082A07BC22008AFBA4 /* landmarkUITestsLaunchTests.swift */,
			);
			path = landmarkUITests;
			sourceTree = "<group>";
		};
		5A7912152A07BC88008AFBA4 /* data */ = {
			isa = PBXGroup;
			children = (
				5A22DDC12A0F8CDB00A18D56 /* hikeData.json */,
				5A7912182A07BD66008AFBA4 /* landmarkData.json */,
				5A7912162A07BC9F008AFBA4 /* LandMarkData.swift */,
				5A7912292A07DD32008AFBA4 /* DevicesResponse.swift */,
				5A22DDAB2A0F7B4800A18D56 /* HexagonParameters.swift */,
				5A22DDBF2A0F8C8400A18D56 /* Hike.swift */,
			);
			path = data;
			sourceTree = "<group>";
		};
		5A79121A2A07C098008AFBA4 /* models */ = {
			isa = PBXGroup;
			children = (
				5A79121B2A07C0B7008AFBA4 /* LandmarksModel.swift */,
			);
			path = models;
			sourceTree = "<group>";
		};
		5A79121D2A07C341008AFBA4 /* app */ = {
			isa = PBXGroup;
			children = (
				5A7911EB2A07BC1C008AFBA4 /* landmarkApp.swift */,
			);
			path = app;
			sourceTree = "<group>";
		};
		5A79121E2A07C353008AFBA4 /* views */ = {
			isa = PBXGroup;
			children = (
				5A7911ED2A07BC1C008AFBA4 /* ContentView.swift */,
				5A22DDC32A0FABC500A18D56 /* categories */,
				5A22DDA62A0BCADD00A18D56 /* landmark */,
				5A22DDA72A0BCAEC00A18D56 /* helper */,
			);
			path = views;
			sourceTree = "<group>";
		};
/* End PBXGroup section */

/* Begin PBXNativeTarget section */
		5A7911E72A07BC1C008AFBA4 /* landmark */ = {
			isa = PBXNativeTarget;
			buildConfigurationList = 5A79120C2A07BC22008AFBA4 /* Build configuration list for PBXNativeTarget "landmark" */;
			buildPhases = (
				5A7911E42A07BC1C008AFBA4 /* Sources */,
				5A7911E52A07BC1C008AFBA4 /* Frameworks */,
				5A7911E62A07BC1C008AFBA4 /* Resources */,
			);
			buildRules = (
			);
			dependencies = (
			);
			name = landmark;
			productName = landmark;
			productReference = 5A7911E82A07BC1C008AFBA4 /* landmark.app */;
			productType = "com.apple.product-type.application";
		};
		5A7911F72A07BC22008AFBA4 /* landmarkTests */ = {
			isa = PBXNativeTarget;
			buildConfigurationList = 5A79120F2A07BC22008AFBA4 /* Build configuration list for PBXNativeTarget "landmarkTests" */;
			buildPhases = (
				5A7911F42A07BC22008AFBA4 /* Sources */,
				5A7911F52A07BC22008AFBA4 /* Frameworks */,
				5A7911F62A07BC22008AFBA4 /* Resources */,
			);
			buildRules = (
			);
			dependencies = (
				5A7911FA2A07BC22008AFBA4 /* PBXTargetDependency */,
			);
			name = landmarkTests;
			productName = landmarkTests;
			productReference = 5A7911F82A07BC22008AFBA4 /* landmarkTests.xctest */;
			productType = "com.apple.product-type.bundle.unit-test";
		};
		5A7912012A07BC22008AFBA4 /* landmarkUITests */ = {
			isa = PBXNativeTarget;
			buildConfigurationList = 5A7912122A07BC22008AFBA4 /* Build configuration list for PBXNativeTarget "landmarkUITests" */;
			buildPhases = (
				5A7911FE2A07BC22008AFBA4 /* Sources */,
				5A7911FF2A07BC22008AFBA4 /* Frameworks */,
				5A7912002A07BC22008AFBA4 /* Resources */,
			);
			buildRules = (
			);
			dependencies = (
				5A7912042A07BC22008AFBA4 /* PBXTargetDependency */,
			);
			name = landmarkUITests;
			productName = landmarkUITests;
			productReference = 5A7912022A07BC22008AFBA4 /* landmarkUITests.xctest */;
			productType = "com.apple.product-type.bundle.ui-testing";
		};
/* End PBXNativeTarget section */

/* Begin PBXProject section */
		5A7911E02A07BC1C008AFBA4 /* Project object */ = {
			isa = PBXProject;
			attributes = {
				BuildIndependentTargetsInParallel = 1;
				LastSwiftUpdateCheck = 1430;
				LastUpgradeCheck = 1430;
				TargetAttributes = {
					5A7911E72A07BC1C008AFBA4 = {
						CreatedOnToolsVersion = 14.3;
					};
					5A7911F72A07BC22008AFBA4 = {
						CreatedOnToolsVersion = 14.3;
						TestTargetID = 5A7911E72A07BC1C008AFBA4;
					};
					5A7912012A07BC22008AFBA4 = {
						CreatedOnToolsVersion = 14.3;
						TestTargetID = 5A7911E72A07BC1C008AFBA4;
					};
				};
			};
			buildConfigurationList = 5A7911E32A07BC1C008AFBA4 /* Build configuration list for PBXProject "landmark" */;
			compatibilityVersion = "Xcode 14.0";
			developmentRegion = en;
			hasScannedForEncodings = 0;
			knownRegions = (
				en,
				Base,
			);
			mainGroup = 5A7911DF2A07BC1C008AFBA4;
			productRefGroup = 5A7911E92A07BC1C008AFBA4 /* Products */;
			projectDirPath = "";
			projectRoot = "";
			targets = (
				5A7911E72A07BC1C008AFBA4 /* landmark */,
				5A7911F72A07BC22008AFBA4 /* landmarkTests */,
				5A7912012A07BC22008AFBA4 /* landmarkUITests */,
			);
		};
/* End PBXProject section */

/* Begin PBXResourcesBuildPhase section */
		5A7911E62A07BC1C008AFBA4 /* Resources */ = {
			isa = PBXResourcesBuildPhase;
			buildActionMask = 2147483647;
			files = (
				5A22DDC22A0F8CDB00A18D56 /* hikeData.json in Resources */,
				5A7911F32A07BC21008AFBA4 /* Preview Assets.xcassets in Resources */,
				5A7911F02A07BC21008AFBA4 /* Assets.xcassets in Resources */,
				5A7912192A07BD66008AFBA4 /* landmarkData.json in Resources */,
			);
			runOnlyForDeploymentPostprocessing = 0;
		};
		5A7911F62A07BC22008AFBA4 /* Resources */ = {
			isa = PBXResourcesBuildPhase;
			buildActionMask = 2147483647;
			files = (
			);
			runOnlyForDeploymentPostprocessing = 0;
		};
		5A7912002A07BC22008AFBA4 /* Resources */ = {
			isa = PBXResourcesBuildPhase;
			buildActionMask = 2147483647;
			files = (
			);
			runOnlyForDeploymentPostprocessing = 0;
		};
/* End PBXResourcesBuildPhase section */

/* Begin PBXSourcesBuildPhase section */
		5A7911E42A07BC1C008AFBA4 /* Sources */ = {
			isa = PBXSourcesBuildPhase;
			buildActionMask = 2147483647;
			files = (
				5A22DDAC2A0F7B4800A18D56 /* HexagonParameters.swift in Sources */,
				5A22DDBC2A0F8C3A00A18D56 /* HikeGraph.swift in Sources */,
				5A79122A2A07DD32008AFBA4 /* DevicesResponse.swift in Sources */,
				5A22DDC02A0F8C8400A18D56 /* Hike.swift in Sources */,
				5A22DDC52A0FABEA00A18D56 /* CategoryHome.swift in Sources */,
				5A7911EE2A07BC1C008AFBA4 /* ContentView.swift in Sources */,
				5A22DDBB2A0F8C3A00A18D56 /* GraphCapsule.swift in Sources */,
				5A7912222A07C542008AFBA4 /* MapView.swift in Sources */,
				5A79121C2A07C0B7008AFBA4 /* LandmarksModel.swift in Sources */,
				5A22DDC72A0FB2C100A18D56 /* CategoryItem.swift in Sources */,
				5A22DDC92A0FB3A700A18D56 /* CategoryRow.swift in Sources */,
				5A22DDBD2A0F8C3A00A18D56 /* HikeDetail.swift in Sources */,
				5A22DDCB2A0FBA4B00A18D56 /* FeaturedRow.swift in Sources */,
				5A7912202A07C3FE008AFBA4 /* LandmarkView.swift in Sources */,
				5A7912172A07BC9F008AFBA4 /* LandMarkData.swift in Sources */,
				5A22DDB02A0F879D00A18D56 /* BadgeSymbol.swift in Sources */,
				5A22DDB22A0F880A00A18D56 /* RotatedBadgeSymbol.swift in Sources */,
				5A22DDB52A0F890C00A18D56 /* Badge.swift in Sources */,
				5A22DDBE2A0F8C3A00A18D56 /* HikeView.swift in Sources */,
				5A7912282A07D5C0008AFBA4 /* LandmarksDetails.swift in Sources */,
				5A22DDAE2A0F7DF600A18D56 /* BadgeBackground.swift in Sources */,
				5A7912242A07CB1C008AFBA4 /* LandmarkRow.swift in Sources */,
				5A7911EC2A07BC1C008AFBA4 /* landmarkApp.swift in Sources */,
				5A22DDA92A0BCB1A00A18D56 /* FavoriteButton.swift in Sources */,
				5A7912262A07D259008AFBA4 /* LandmarksList.swift in Sources */,
			);
			runOnlyForDeploymentPostprocessing = 0;
		};
		5A7911F42A07BC22008AFBA4 /* Sources */ = {
			isa = PBXSourcesBuildPhase;
			buildActionMask = 2147483647;
			files = (
				5A7911FD2A07BC22008AFBA4 /* landmarkTests.swift in Sources */,
			);
			runOnlyForDeploymentPostprocessing = 0;
		};
		5A7911FE2A07BC22008AFBA4 /* Sources */ = {
			isa = PBXSourcesBuildPhase;
			buildActionMask = 2147483647;
			files = (
				5A7912092A07BC22008AFBA4 /* landmarkUITestsLaunchTests.swift in Sources */,
				5A7912072A07BC22008AFBA4 /* landmarkUITests.swift in Sources */,
			);
			runOnlyForDeploymentPostprocessing = 0;
		};
/* End PBXSourcesBuildPhase section */

/* Begin PBXTargetDependency section */
		5A7911FA2A07BC22008AFBA4 /* PBXTargetDependency */ = {
			isa = PBXTargetDependency;
			target = 5A7911E72A07BC1C008AFBA4 /* landmark */;
			targetProxy = 5A7911F92A07BC22008AFBA4 /* PBXContainerItemProxy */;
		};
		5A7912042A07BC22008AFBA4 /* PBXTargetDependency */ = {
			isa = PBXTargetDependency;
			target = 5A7911E72A07BC1C008AFBA4 /* landmark */;
			targetProxy = 5A7912032A07BC22008AFBA4 /* PBXContainerItemProxy */;
		};
/* End PBXTargetDependency section */

/* Begin XCBuildConfiguration section */
		5A79120A2A07BC22008AFBA4 /* Debug */ = {
			isa = XCBuildConfiguration;
			buildSettings = {
				ALWAYS_SEARCH_USER_PATHS = NO;
				CLANG_ANALYZER_NONNULL = YES;
				CLANG_ANALYZER_NUMBER_OBJECT_CONVERSION = YES_AGGRESSIVE;
				CLANG_CXX_LANGUAGE_STANDARD = "gnu++20";
				CLANG_ENABLE_MODULES = YES;
				CLANG_ENABLE_OBJC_ARC = YES;
				CLANG_ENABLE_OBJC_WEAK = YES;
				CLANG_WARN_BLOCK_CAPTURE_AUTORELEASING = YES;
				CLANG_WARN_BOOL_CONVERSION = YES;
				CLANG_WARN_COMMA = YES;
				CLANG_WARN_CONSTANT_CONVERSION = YES;
				CLANG_WARN_DEPRECATED_OBJC_IMPLEMENTATIONS = YES;
				CLANG_WARN_DIRECT_OBJC_ISA_USAGE = YES_ERROR;
				CLANG_WARN_DOCUMENTATION_COMMENTS = YES;
				CLANG_WARN_EMPTY_BODY = YES;
				CLANG_WARN_ENUM_CONVERSION = YES;
				CLANG_WARN_INFINITE_RECURSION = YES;
				CLANG_WARN_INT_CONVERSION = YES;
				CLANG_WARN_NON_LITERAL_NULL_CONVERSION = YES;
				CLANG_WARN_OBJC_IMPLICIT_RETAIN_SELF = YES;
				CLANG_WARN_OBJC_LITERAL_CONVERSION = YES;
				CLANG_WARN_OBJC_ROOT_CLASS = YES_ERROR;
				CLANG_WARN_QUOTED_INCLUDE_IN_FRAMEWORK_HEADER = YES;
				CLANG_WARN_RANGE_LOOP_ANALYSIS = YES;
				CLANG_WARN_STRICT_PROTOTYPES = YES;
				CLANG_WARN_SUSPICIOUS_MOVE = YES;
				CLANG_WARN_UNGUARDED_AVAILABILITY = YES_AGGRESSIVE;
				CLANG_WARN_UNREACHABLE_CODE = YES;
				CLANG_WARN__DUPLICATE_METHOD_MATCH = YES;
				COPY_PHASE_STRIP = NO;
				DEBUG_INFORMATION_FORMAT = dwarf;
				ENABLE_STRICT_OBJC_MSGSEND = YES;
				ENABLE_TESTABILITY = YES;
				GCC_C_LANGUAGE_STANDARD = gnu11;
				GCC_DYNAMIC_NO_PIC = NO;
				GCC_NO_COMMON_BLOCKS = YES;
				GCC_OPTIMIZATION_LEVEL = 0;
				GCC_PREPROCESSOR_DEFINITIONS = (
					"DEBUG=1",
					"$(inherited)",
				);
				GCC_WARN_64_TO_32_BIT_CONVERSION = YES;
				GCC_WARN_ABOUT_RETURN_TYPE = YES_ERROR;
				GCC_WARN_UNDECLARED_SELECTOR = YES;
				GCC_WARN_UNINITIALIZED_AUTOS = YES_AGGRESSIVE;
				GCC_WARN_UNUSED_FUNCTION = YES;
				GCC_WARN_UNUSED_VARIABLE = YES;
				IPHONEOS_DEPLOYMENT_TARGET = 16.4;
				MTL_ENABLE_DEBUG_INFO = INCLUDE_SOURCE;
				MTL_FAST_MATH = YES;
				ONLY_ACTIVE_ARCH = YES;
				SDKROOT = iphoneos;
				SWIFT_ACTIVE_COMPILATION_CONDITIONS = DEBUG;
				SWIFT_OPTIMIZATION_LEVEL = "-Onone";
			};
			name = Debug;
		};
		5A79120B2A07BC22008AFBA4 /* Release */ = {
			isa = XCBuildConfiguration;
			buildSettings = {
				ALWAYS_SEARCH_USER_PATHS = NO;
				CLANG_ANALYZER_NONNULL = YES;
				CLANG_ANALYZER_NUMBER_OBJECT_CONVERSION = YES_AGGRESSIVE;
				CLANG_CXX_LANGUAGE_STANDARD = "gnu++20";
				CLANG_ENABLE_MODULES = YES;
				CLANG_ENABLE_OBJC_ARC = YES;
				CLANG_ENABLE_OBJC_WEAK = YES;
				CLANG_WARN_BLOCK_CAPTURE_AUTORELEASING = YES;
				CLANG_WARN_BOOL_CONVERSION = YES;
				CLANG_WARN_COMMA = YES;
				CLANG_WARN_CONSTANT_CONVERSION = YES;
				CLANG_WARN_DEPRECATED_OBJC_IMPLEMENTATIONS = YES;
				CLANG_WARN_DIRECT_OBJC_ISA_USAGE = YES_ERROR;
				CLANG_WARN_DOCUMENTATION_COMMENTS = YES;
				CLANG_WARN_EMPTY_BODY = YES;
				CLANG_WARN_ENUM_CONVERSION = YES;
				CLANG_WARN_INFINITE_RECURSION = YES;
				CLANG_WARN_INT_CONVERSION = YES;
				CLANG_WARN_NON_LITERAL_NULL_CONVERSION = YES;
				CLANG_WARN_OBJC_IMPLICIT_RETAIN_SELF = YES;
				CLANG_WARN_OBJC_LITERAL_CONVERSION = YES;
				CLANG_WARN_OBJC_ROOT_CLASS = YES_ERROR;
				CLANG_WARN_QUOTED_INCLUDE_IN_FRAMEWORK_HEADER = YES;
				CLANG_WARN_RANGE_LOOP_ANALYSIS = YES;
				CLANG_WARN_STRICT_PROTOTYPES = YES;
				CLANG_WARN_SUSPICIOUS_MOVE = YES;
				CLANG_WARN_UNGUARDED_AVAILABILITY = YES_AGGRESSIVE;
				CLANG_WARN_UNREACHABLE_CODE = YES;
				CLANG_WARN__DUPLICATE_METHOD_MATCH = YES;
				COPY_PHASE_STRIP = NO;
				DEBUG_INFORMATION_FORMAT = "dwarf-with-dsym";
				ENABLE_NS_ASSERTIONS = NO;
				ENABLE_STRICT_OBJC_MSGSEND = YES;
				GCC_C_LANGUAGE_STANDARD = gnu11;
				GCC_NO_COMMON_BLOCKS = YES;
				GCC_WARN_64_TO_32_BIT_CONVERSION = YES;
				GCC_WARN_ABOUT_RETURN_TYPE = YES_ERROR;
				GCC_WARN_UNDECLARED_SELECTOR = YES;
				GCC_WARN_UNINITIALIZED_AUTOS = YES_AGGRESSIVE;
				GCC_WARN_UNUSED_FUNCTION = YES;
				GCC_WARN_UNUSED_VARIABLE = YES;
				IPHONEOS_DEPLOYMENT_TARGET = 16.4;
				MTL_ENABLE_DEBUG_INFO = NO;
				MTL_FAST_MATH = YES;
				SDKROOT = iphoneos;
				SWIFT_COMPILATION_MODE = wholemodule;
				SWIFT_OPTIMIZATION_LEVEL = "-O";
				VALIDATE_PRODUCT = YES;
			};
			name = Release;
		};
		5A79120D2A07BC22008AFBA4 /* Debug */ = {
			isa = XCBuildConfiguration;
			buildSettings = {
				ASSETCATALOG_COMPILER_APPICON_NAME = AppIcon;
				ASSETCATALOG_COMPILER_GLOBAL_ACCENT_COLOR_NAME = AccentColor;
				CODE_SIGN_STYLE = Automatic;
				CURRENT_PROJECT_VERSION = 1;
				DEVELOPMENT_ASSET_PATHS = "\"landmark/Preview Content\"";
				ENABLE_PREVIEWS = YES;
				GENERATE_INFOPLIST_FILE = YES;
				INFOPLIST_KEY_UIApplicationSceneManifest_Generation = YES;
				INFOPLIST_KEY_UIApplicationSupportsIndirectInputEvents = YES;
				INFOPLIST_KEY_UILaunchScreen_Generation = YES;
				INFOPLIST_KEY_UISupportedInterfaceOrientations_iPad = "UIInterfaceOrientationPortrait UIInterfaceOrientationPortraitUpsideDown UIInterfaceOrientationLandscapeLeft UIInterfaceOrientationLandscapeRight";
				INFOPLIST_KEY_UISupportedInterfaceOrientations_iPhone = "UIInterfaceOrientationPortrait UIInterfaceOrientationLandscapeLeft UIInterfaceOrientationLandscapeRight";
				LD_RUNPATH_SEARCH_PATHS = (
					"$(inherited)",
					"@executable_path/Frameworks",
				);
				MARKETING_VERSION = 1.0;
				PRODUCT_BUNDLE_IDENTIFIER = com.yasertebat.landmark.landmark;
				PRODUCT_NAME = "$(TARGET_NAME)";
				SWIFT_EMIT_LOC_STRINGS = YES;
				SWIFT_VERSION = 5.0;
				TARGETED_DEVICE_FAMILY = "1,2";
			};
			name = Debug;
		};
		5A79120E2A07BC22008AFBA4 /* Release */ = {
			isa = XCBuildConfiguration;
			buildSettings = {
				ASSETCATALOG_COMPILER_APPICON_NAME = AppIcon;
				ASSETCATALOG_COMPILER_GLOBAL_ACCENT_COLOR_NAME = AccentColor;
				CODE_SIGN_STYLE = Automatic;
				CURRENT_PROJECT_VERSION = 1;
				DEVELOPMENT_ASSET_PATHS = "\"landmark/Preview Content\"";
				ENABLE_PREVIEWS = YES;
				GENERATE_INFOPLIST_FILE = YES;
				INFOPLIST_KEY_UIApplicationSceneManifest_Generation = YES;
				INFOPLIST_KEY_UIApplicationSupportsIndirectInputEvents = YES;
				INFOPLIST_KEY_UILaunchScreen_Generation = YES;
				INFOPLIST_KEY_UISupportedInterfaceOrientations_iPad = "UIInterfaceOrientationPortrait UIInterfaceOrientationPortraitUpsideDown UIInterfaceOrientationLandscapeLeft UIInterfaceOrientationLandscapeRight";
				INFOPLIST_KEY_UISupportedInterfaceOrientations_iPhone = "UIInterfaceOrientationPortrait UIInterfaceOrientationLandscapeLeft UIInterfaceOrientationLandscapeRight";
				LD_RUNPATH_SEARCH_PATHS = (
					"$(inherited)",
					"@executable_path/Frameworks",
				);
				MARKETING_VERSION = 1.0;
				PRODUCT_BUNDLE_IDENTIFIER = com.yasertebat.landmark.landmark;
				PRODUCT_NAME = "$(TARGET_NAME)";
				SWIFT_EMIT_LOC_STRINGS = YES;
				SWIFT_VERSION = 5.0;
				TARGETED_DEVICE_FAMILY = "1,2";
			};
			name = Release;
		};
		5A7912102A07BC22008AFBA4 /* Debug */ = {
			isa = XCBuildConfiguration;
			buildSettings = {
				ALWAYS_EMBED_SWIFT_STANDARD_LIBRARIES = YES;
				BUNDLE_LOADER = "$(TEST_HOST)";
				CODE_SIGN_STYLE = Automatic;
				CURRENT_PROJECT_VERSION = 1;
				GENERATE_INFOPLIST_FILE = YES;
				IPHONEOS_DEPLOYMENT_TARGET = 16.4;
				MARKETING_VERSION = 1.0;
				PRODUCT_BUNDLE_IDENTIFIER = com.yasertebat.landmark.landmarkTests;
				PRODUCT_NAME = "$(TARGET_NAME)";
				SWIFT_EMIT_LOC_STRINGS = NO;
				SWIFT_VERSION = 5.0;
				TARGETED_DEVICE_FAMILY = "1,2";
				TEST_HOST = "$(BUILT_PRODUCTS_DIR)/landmark.app/$(BUNDLE_EXECUTABLE_FOLDER_PATH)/landmark";
			};
			name = Debug;
		};
		5A7912112A07BC22008AFBA4 /* Release */ = {
			isa = XCBuildConfiguration;
			buildSettings = {
				ALWAYS_EMBED_SWIFT_STANDARD_LIBRARIES = YES;
				BUNDLE_LOADER = "$(TEST_HOST)";
				CODE_SIGN_STYLE = Automatic;
				CURRENT_PROJECT_VERSION = 1;
				GENERATE_INFOPLIST_FILE = YES;
				IPHONEOS_DEPLOYMENT_TARGET = 16.4;
				MARKETING_VERSION = 1.0;
				PRODUCT_BUNDLE_IDENTIFIER = com.yasertebat.landmark.landmarkTests;
				PRODUCT_NAME = "$(TARGET_NAME)";
				SWIFT_EMIT_LOC_STRINGS = NO;
				SWIFT_VERSION = 5.0;
				TARGETED_DEVICE_FAMILY = "1,2";
				TEST_HOST = "$(BUILT_PRODUCTS_DIR)/landmark.app/$(BUNDLE_EXECUTABLE_FOLDER_PATH)/landmark";
			};
			name = Release;
		};
		5A7912132A07BC22008AFBA4 /* Debug */ = {
			isa = XCBuildConfiguration;
			buildSettings = {
				ALWAYS_EMBED_SWIFT_STANDARD_LIBRARIES = YES;
				CODE_SIGN_STYLE = Automatic;
				CURRENT_PROJECT_VERSION = 1;
				GENERATE_INFOPLIST_FILE = YES;
				MARKETING_VERSION = 1.0;
				PRODUCT_BUNDLE_IDENTIFIER = com.yasertebat.landmark.landmarkUITests;
				PRODUCT_NAME = "$(TARGET_NAME)";
				SWIFT_EMIT_LOC_STRINGS = NO;
				SWIFT_VERSION = 5.0;
				TARGETED_DEVICE_FAMILY = "1,2";
				TEST_TARGET_NAME = landmark;
			};
			name = Debug;
		};
		5A7912142A07BC22008AFBA4 /* Release */ = {
			isa = XCBuildConfiguration;
			buildSettings = {
				ALWAYS_EMBED_SWIFT_STANDARD_LIBRARIES = YES;
				CODE_SIGN_STYLE = Automatic;
				CURRENT_PROJECT_VERSION = 1;
				GENERATE_INFOPLIST_FILE = YES;
				MARKETING_VERSION = 1.0;
				PRODUCT_BUNDLE_IDENTIFIER = com.yasertebat.landmark.landmarkUITests;
				PRODUCT_NAME = "$(TARGET_NAME)";
				SWIFT_EMIT_LOC_STRINGS = NO;
				SWIFT_VERSION = 5.0;
				TARGETED_DEVICE_FAMILY = "1,2";
				TEST_TARGET_NAME = landmark;
			};
			name = Release;
		};
/* End XCBuildConfiguration section */

/* Begin XCConfigurationList section */
		5A7911E32A07BC1C008AFBA4 /* Build configuration list for PBXProject "landmark" */ = {
			isa = XCConfigurationList;
			buildConfigurations = (
				5A79120A2A07BC22008AFBA4 /* Debug */,
				5A79120B2A07BC22008AFBA4 /* Release */,
			);
			defaultConfigurationIsVisible = 0;
			defaultConfigurationName = Release;
		};
		5A79120C2A07BC22008AFBA4 /* Build configuration list for PBXNativeTarget "landmark" */ = {
			isa = XCConfigurationList;
			buildConfigurations = (
				5A79120D2A07BC22008AFBA4 /* Debug */,
				5A79120E2A07BC22008AFBA4 /* Release */,
			);
			defaultConfigurationIsVisible = 0;
			defaultConfigurationName = Release;
		};
		5A79120F2A07BC22008AFBA4 /* Build configuration list for PBXNativeTarget "landmarkTests" */ = {
			isa = XCConfigurationList;
			buildConfigurations = (
				5A7912102A07BC22008AFBA4 /* Debug */,
				5A7912112A07BC22008AFBA4 /* Release */,
			);
			defaultConfigurationIsVisible = 0;
			defaultConfigurationName = Release;
		};
		5A7912122A07BC22008AFBA4 /* Build configuration list for PBXNativeTarget "landmarkUITests" */ = {
			isa = XCConfigurationList;
			buildConfigurations = (
				5A7912132A07BC22008AFBA4 /* Debug */,
				5A7912142A07BC22008AFBA4 /* Release */,
			);
			defaultConfigurationIsVisible = 0;
			defaultConfigurationName = Release;
		};
/* End XCConfigurationList section */
	};
	rootObject = 5A7911E02A07BC1C008AFBA4 /* Project object */;
}
